
Microsoft Visual Studio Solution File, Format Version 12.00
# Visual Studio Version 17
VisualStudioVersion = 17.8.34408.163
MinimumVisualStudioVersion = 10.0.40219.1
Project("{FAE04EC0-301F-11D3-BF4B-00C04F79EFBC}") = "ExchangeCurrency", "ExchangeCurrency.csproj", "{857AA385-8853-49A8-96C8-C1ADB92A728F}"
EndProject
Global
	GlobalSection(SolutionConfigurationPlatforms) = preSolution
		Debug|Any CPU = Debug|Any CPU
		Release|Any CPU = Release|Any CPU
	EndGlobalSection
	GlobalSection(ProjectConfigurationPlatforms) = postSolution
		{857AA385-8853-49A8-96C8-C1ADB92A728F}.Debug|Any CPU.ActiveCfg = Debug|Any CPU
		{857AA385-8853-49A8-96C8-C1ADB92A728F}.Debug|Any CPU.Build.0 = Debug|Any CPU
		{857AA385-8853-49A8-96C8-C1ADB92A728F}.Release|Any CPU.ActiveCfg = Release|Any CPU
		{857AA385-8853-49A8-96C8-C1ADB92A728F}.Release|Any CPU.Build.0 = Release|Any CPU
	EndGlobalSection
	GlobalSection(SolutionProperties) = preSolution
		HideSolutionNode = FALSE
	EndGlobalSection
	GlobalSection(ExtensibilityGlobals) = postSolution
		SolutionGuid = {13DA4B69-1AAD-4699-87B7-9EAE59C05C92}
	EndGlobalSection
EndGlobal
